
Microsoft Visual Studio Solution File, Format Version 12.00
# Visual Studio Version 16
VisualStudioVersion = 16.0.32228.343
MinimumVisualStudioVersion = 10.0.40219.1
Project("{FAE04EC0-301F-11D3-BF4B-00C04F79EFBC}") = "QL_DLBS", "QL_DLBS\QL_DLBS.csproj", "{974B83ED-FFA6-4BAB-9B2F-015421E47E68}"
EndProject
Global
	GlobalSection(SolutionConfigurationPlatforms) = preSolution
		Debug|Any CPU = Debug|Any CPU
		Release|Any CPU = Release|Any CPU
	EndGlobalSection
	GlobalSection(ProjectConfigurationPlatforms) = postSolution
		{974B83ED-FFA6-4BAB-9B2F-015421E47E68}.Debug|Any CPU.ActiveCfg = Debug|Any CPU
		{974B83ED-FFA6-4BAB-9B2F-015421E47E68}.Debug|Any CPU.Build.0 = Debug|Any CPU
		{974B83ED-FFA6-4BAB-9B2F-015421E47E68}.Release|Any CPU.ActiveCfg = Release|Any CPU
		{974B83ED-FFA6-4BAB-9B2F-015421E47E68}.Release|Any CPU.Build.0 = Release|Any CPU
	EndGlobalSection
	GlobalSection(SolutionProperties) = preSolution
		HideSolutionNode = FALSE
	EndGlobalSection
	GlobalSection(ExtensibilityGlobals) = postSolution
		SolutionGuid = {2DB3470E-2B91-4422-BFE2-F8DFD5F0E4C4}
	EndGlobalSection
EndGlobal
